// !$*UTF8*$!
{
	archiveVersion = 1;
	classes = {
	};
	objectVersion = 52;
	objects = {

/* Begin PBXBuildFile section */
		1D0B957B285624A7002BA348 /* Lottie in Frameworks */ = {isa = PBXBuildFile; productRef = 1D0B957A285624A7002BA348 /* Lottie */; };
		1D0B95872856A5FC002BA348 /* currency-exchange.json in Resources */ = {isa = PBXBuildFile; fileRef = 1D0B95862856A5FC002BA348 /* currency-exchange.json */; };
		1D2C220C2742503E00BD799A /* Translate.swift in Sources */ = {isa = PBXBuildFile; fileRef = 1D2C220B2742503E00BD799A /* Translate.swift */; };
		1D2C220E2742505700BD799A /* Weather.swift in Sources */ = {isa = PBXBuildFile; fileRef = 1D2C220D2742505700BD799A /* Weather.swift */; };
		1D2C22102742834F00BD799A /* MainTabBarViewController.swift in Sources */ = {isa = PBXBuildFile; fileRef = 1D2C220F2742834F00BD799A /* MainTabBarViewController.swift */; };
		1D2C22122742BC6700BD799A /* ChangeController.swift in Sources */ = {isa = PBXBuildFile; fileRef = 1D2C22112742BC6700BD799A /* ChangeController.swift */; };
		1D2C22182742BE2500BD799A /* TranslateViewController.swift in Sources */ = {isa = PBXBuildFile; fileRef = 1D2C22172742BE2500BD799A /* TranslateViewController.swift */; };
		1D2C221A2742BE4400BD799A /* WeatherViewController.swift in Sources */ = {isa = PBXBuildFile; fileRef = 1D2C22192742BE4400BD799A /* WeatherViewController.swift */; };
		1D481DF0274E655200627C84 /* CoreLocation.framework in Frameworks */ = {isa = PBXBuildFile; fileRef = 1D481DEF274E655200627C84 /* CoreLocation.framework */; };
		1D73BF7828576F100065ECD9 /* CarouselItem.swift in Sources */ = {isa = PBXBuildFile; fileRef = 1D73BF7628576F100065ECD9 /* CarouselItem.swift */; };
		1D73BF7928576F100065ECD9 /* CarouselItem.xib in Resources */ = {isa = PBXBuildFile; fileRef = 1D73BF7728576F100065ECD9 /* CarouselItem.xib */; };
		1D73BF7C28576F240065ECD9 /* CarouselPageViewController.swift in Sources */ = {isa = PBXBuildFile; fileRef = 1D73BF7A28576F230065ECD9 /* CarouselPageViewController.swift */; };
		1D73BF7D28576F240065ECD9 /* CarouselViewController.swift in Sources */ = {isa = PBXBuildFile; fileRef = 1D73BF7B28576F240065ECD9 /* CarouselViewController.swift */; };
		1D7D416E2750180D0084C1E6 /* Assets.xcassets in Resources */ = {isa = PBXBuildFile; fileRef = 1D7D416D2750180D0084C1E6 /* Assets.xcassets */; };
		1DB9C565273E00BE00F95628 /* AppDelegate.swift in Sources */ = {isa = PBXBuildFile; fileRef = 1DB9C564273E00BE00F95628 /* AppDelegate.swift */; };
		1DB9C567273E00BE00F95628 /* SceneDelegate.swift in Sources */ = {isa = PBXBuildFile; fileRef = 1DB9C566273E00BE00F95628 /* SceneDelegate.swift */; };
		1DB9C56C273E00BE00F95628 /* Main.storyboard in Resources */ = {isa = PBXBuildFile; fileRef = 1DB9C56A273E00BE00F95628 /* Main.storyboard */; };
		1DB9C571273E00BF00F95628 /* LaunchScreen.storyboard in Resources */ = {isa = PBXBuildFile; fileRef = 1DB9C56F273E00BF00F95628 /* LaunchScreen.storyboard */; };
		1DB9C587273E32F300F95628 /* Change.swift in Sources */ = {isa = PBXBuildFile; fileRef = 1DB9C586273E32F300F95628 /* Change.swift */; };
		1DC20016276A30C300F57A31 /* ChangeDelegate.swift in Sources */ = {isa = PBXBuildFile; fileRef = 1DC20015276A30C300F57A31 /* ChangeDelegate.swift */; };
		1DC20018276A3F8300F57A31 /* ChangeControllerMessage.swift in Sources */ = {isa = PBXBuildFile; fileRef = 1DC20017276A3F8300F57A31 /* ChangeControllerMessage.swift */; };
		1DC2001D276A440E00F57A31 /* ChangeDelegateProtocol.swift in Sources */ = {isa = PBXBuildFile; fileRef = 1DC2001C276A440E00F57A31 /* ChangeDelegateProtocol.swift */; };
		1DC2001F276A443A00F57A31 /* DecodableCurrencyStruct.swift in Sources */ = {isa = PBXBuildFile; fileRef = 1DC2001E276A443A00F57A31 /* DecodableCurrencyStruct.swift */; };
		1DE5DF6E27486B6800FB70A6 /* WeatherViewController2.swift in Sources */ = {isa = PBXBuildFile; fileRef = 1DE5DF6D27486B6800FB70A6 /* WeatherViewController2.swift */; };
		1DECA298276A469300F8625D /* DecodableTranslateStruct.swift in Sources */ = {isa = PBXBuildFile; fileRef = 1DECA297276A469300F8625D /* DecodableTranslateStruct.swift */; };
		1DECA29A276A46C400F8625D /* TranslateDataSource.swift in Sources */ = {isa = PBXBuildFile; fileRef = 1DECA299276A46C400F8625D /* TranslateDataSource.swift */; };
		1DECA29C276A473700F8625D /* DecodableWeatherStruct.swift in Sources */ = {isa = PBXBuildFile; fileRef = 1DECA29B276A473700F8625D /* DecodableWeatherStruct.swift */; };
		1DECA29E276A476A00F8625D /* WeatherDataSource.swift in Sources */ = {isa = PBXBuildFile; fileRef = 1DECA29D276A476A00F8625D /* WeatherDataSource.swift */; };
/* End PBXBuildFile section */

/* Begin PBXFileReference section */
		1D0B957C2856258E002BA348 /* loading-animation.json */ = {isa = PBXFileReference; fileEncoding = 4; lastKnownFileType = text.json; path = "loading-animation.json"; sourceTree = "<group>"; };
		1D0B95862856A5FC002BA348 /* currency-exchange.json */ = {isa = PBXFileReference; fileEncoding = 4; lastKnownFileType = text.json; path = "currency-exchange.json"; sourceTree = "<group>"; };
		1D2C220B2742503E00BD799A /* Translate.swift */ = {isa = PBXFileReference; lastKnownFileType = sourcecode.swift; path = Translate.swift; sourceTree = "<group>"; };
		1D2C220D2742505700BD799A /* Weather.swift */ = {isa = PBXFileReference; lastKnownFileType = sourcecode.swift; path = Weather.swift; sourceTree = "<group>"; };
		1D2C220F2742834F00BD799A /* MainTabBarViewController.swift */ = {isa = PBXFileReference; lastKnownFileType = sourcecode.swift; path = MainTabBarViewController.swift; sourceTree = "<group>"; };
		1D2C22112742BC6700BD799A /* ChangeController.swift */ = {isa = PBXFileReference; lastKnownFileType = sourcecode.swift; name = ChangeController.swift; path = P09_01_Xcode/Controller/Change/ChangeController.swift; sourceTree = SOURCE_ROOT; };
		1D2C22172742BE2500BD799A /* TranslateViewController.swift */ = {isa = PBXFileReference; lastKnownFileType = sourcecode.swift; path = TranslateViewController.swift; sourceTree = "<group>"; };
		1D2C22192742BE4400BD799A /* WeatherViewController.swift */ = {isa = PBXFileReference; lastKnownFileType = sourcecode.swift; path = WeatherViewController.swift; sourceTree = "<group>"; };
		1D481DEF274E655200627C84 /* CoreLocation.framework */ = {isa = PBXFileReference; lastKnownFileType = wrapper.framework; name = CoreLocation.framework; path = System/Library/Frameworks/CoreLocation.framework; sourceTree = SDKROOT; };
		1D73BF7628576F100065ECD9 /* CarouselItem.swift */ = {isa = PBXFileReference; fileEncoding = 4; lastKnownFileType = sourcecode.swift; path = CarouselItem.swift; sourceTree = "<group>"; };
		1D73BF7728576F100065ECD9 /* CarouselItem.xib */ = {isa = PBXFileReference; fileEncoding = 4; lastKnownFileType = file.xib; path = CarouselItem.xib; sourceTree = "<group>"; };
		1D73BF7A28576F230065ECD9 /* CarouselPageViewController.swift */ = {isa = PBXFileReference; fileEncoding = 4; lastKnownFileType = sourcecode.swift; path = CarouselPageViewController.swift; sourceTree = "<group>"; };
		1D73BF7B28576F240065ECD9 /* CarouselViewController.swift */ = {isa = PBXFileReference; fileEncoding = 4; lastKnownFileType = sourcecode.swift; path = CarouselViewController.swift; sourceTree = "<group>"; };
		1D7D416D2750180D0084C1E6 /* Assets.xcassets */ = {isa = PBXFileReference; lastKnownFileType = folder.assetcatalog; path = Assets.xcassets; sourceTree = "<group>"; };
		1DB9C561273E00BE00F95628 /* P09_01_Xcode.app */ = {isa = PBXFileReference; explicitFileType = wrapper.application; includeInIndex = 0; path = P09_01_Xcode.app; sourceTree = BUILT_PRODUCTS_DIR; };
		1DB9C564273E00BE00F95628 /* AppDelegate.swift */ = {isa = PBXFileReference; lastKnownFileType = sourcecode.swift; path = AppDelegate.swift; sourceTree = "<group>"; };
		1DB9C566273E00BE00F95628 /* SceneDelegate.swift */ = {isa = PBXFileReference; lastKnownFileType = sourcecode.swift; path = SceneDelegate.swift; sourceTree = "<group>"; };
		1DB9C56B273E00BE00F95628 /* Base */ = {isa = PBXFileReference; lastKnownFileType = file.storyboard; name = Base; path = Base.lproj/Main.storyboard; sourceTree = "<group>"; };
		1DB9C570273E00BF00F95628 /* Base */ = {isa = PBXFileReference; lastKnownFileType = file.storyboard; name = Base; path = Base.lproj/LaunchScreen.storyboard; sourceTree = "<group>"; };
		1DB9C572273E00BF00F95628 /* Info.plist */ = {isa = PBXFileReference; lastKnownFileType = text.plist.xml; path = Info.plist; sourceTree = "<group>"; };
		1DB9C586273E32F300F95628 /* Change.swift */ = {isa = PBXFileReference; lastKnownFileType = sourcecode.swift; path = Change.swift; sourceTree = "<group>"; };
		1DC20015276A30C300F57A31 /* ChangeDelegate.swift */ = {isa = PBXFileReference; lastKnownFileType = sourcecode.swift; path = ChangeDelegate.swift; sourceTree = "<group>"; };
		1DC20017276A3F8300F57A31 /* ChangeControllerMessage.swift */ = {isa = PBXFileReference; lastKnownFileType = sourcecode.swift; path = ChangeControllerMessage.swift; sourceTree = "<group>"; };
		1DC2001C276A440E00F57A31 /* ChangeDelegateProtocol.swift */ = {isa = PBXFileReference; lastKnownFileType = sourcecode.swift; path = ChangeDelegateProtocol.swift; sourceTree = "<group>"; };
		1DC2001E276A443A00F57A31 /* DecodableCurrencyStruct.swift */ = {isa = PBXFileReference; lastKnownFileType = sourcecode.swift; path = DecodableCurrencyStruct.swift; sourceTree = "<group>"; };
		1DE5DF6D27486B6800FB70A6 /* WeatherViewController2.swift */ = {isa = PBXFileReference; lastKnownFileType = sourcecode.swift; path = WeatherViewController2.swift; sourceTree = "<group>"; };
		1DECA297276A469300F8625D /* DecodableTranslateStruct.swift */ = {isa = PBXFileReference; lastKnownFileType = sourcecode.swift; path = DecodableTranslateStruct.swift; sourceTree = "<group>"; };
		1DECA299276A46C400F8625D /* TranslateDataSource.swift */ = {isa = PBXFileReference; lastKnownFileType = sourcecode.swift; path = TranslateDataSource.swift; sourceTree = "<group>"; };
		1DECA29B276A473700F8625D /* DecodableWeatherStruct.swift */ = {isa = PBXFileReference; lastKnownFileType = sourcecode.swift; path = DecodableWeatherStruct.swift; sourceTree = "<group>"; };
		1DECA29D276A476A00F8625D /* WeatherDataSource.swift */ = {isa = PBXFileReference; lastKnownFileType = sourcecode.swift; path = WeatherDataSource.swift; sourceTree = "<group>"; };
/* End PBXFileReference section */

/* Begin PBXFrameworksBuildPhase section */
		1DB9C55E273E00BD00F95628 /* Frameworks */ = {
			isa = PBXFrameworksBuildPhase;
			buildActionMask = 2147483647;
			files = (
				1D481DF0274E655200627C84 /* CoreLocation.framework in Frameworks */,
				1D0B957B285624A7002BA348 /* Lottie in Frameworks */,
			);
			runOnlyForDeploymentPostprocessing = 0;
		};
/* End PBXFrameworksBuildPhase section */

/* Begin PBXGroup section */
		1D481DEE274E655200627C84 /* Frameworks */ = {
			isa = PBXGroup;
			children = (
				1D481DEF274E655200627C84 /* CoreLocation.framework */,
			);
			name = Frameworks;
			sourceTree = "<group>";
		};
		1D73BF7528576F000065ECD9 /* item */ = {
			isa = PBXGroup;
			children = (
				1D73BF7628576F100065ECD9 /* CarouselItem.swift */,
				1D73BF7728576F100065ECD9 /* CarouselItem.xib */,
			);
			path = item;
			sourceTree = "<group>";
		};
		1DB9C558273E00BD00F95628 = {
			isa = PBXGroup;
			children = (
				1DB9C563273E00BE00F95628 /* P09_01_Xcode */,
				1DB9C562273E00BE00F95628 /* Products */,
				1D481DEE274E655200627C84 /* Frameworks */,
			);
			sourceTree = "<group>";
		};
		1DB9C562273E00BE00F95628 /* Products */ = {
			isa = PBXGroup;
			children = (
				1DB9C561273E00BE00F95628 /* P09_01_Xcode.app */,
			);
			name = Products;
			sourceTree = "<group>";
		};
		1DB9C563273E00BE00F95628 /* P09_01_Xcode */ = {
			isa = PBXGroup;
			children = (
				1DB9C57B273E00F400F95628 /* Production Files */,
				1DB9C57A273E00EF00F95628 /* Controller */,
				1DB9C578273E00E500F95628 /* Model */,
				1DB9C579273E00EA00F95628 /* View */,
			);
			path = P09_01_Xcode;
			sourceTree = "<group>";
		};
		1DB9C578273E00E500F95628 /* Model */ = {
			isa = PBXGroup;
			children = (
				1DC20019276A43BE00F57A31 /* Change */,
				1DC2001A276A43C100F57A31 /* Translate */,
				1DC2001B276A43C300F57A31 /* Weather */,
			);
			path = Model;
			sourceTree = "<group>";
		};
		1DB9C579273E00EA00F95628 /* View */ = {
			isa = PBXGroup;
			children = (
				1DB9C56A273E00BE00F95628 /* Main.storyboard */,
				1DB9C56F273E00BF00F95628 /* LaunchScreen.storyboard */,
			);
			path = View;
			sourceTree = "<group>";
		};
		1DB9C57A273E00EF00F95628 /* Controller */ = {
			isa = PBXGroup;
			children = (
				1DC20012276A308900F57A31 /* Change */,
				1DC20014276A309700F57A31 /* Translate */,
				1DC20013276A309100F57A31 /* Weather */,
				1D2C220F2742834F00BD799A /* MainTabBarViewController.swift */,
			);
			path = Controller;
			sourceTree = "<group>";
		};
		1DB9C57B273E00F400F95628 /* Production Files */ = {
			isa = PBXGroup;
			children = (
				1DB9C566273E00BE00F95628 /* SceneDelegate.swift */,
				1DB9C564273E00BE00F95628 /* AppDelegate.swift */,
				1D7D416D2750180D0084C1E6 /* Assets.xcassets */,
				1D0B95862856A5FC002BA348 /* currency-exchange.json */,
				1D0B957C2856258E002BA348 /* loading-animation.json */,
				1DB9C572273E00BF00F95628 /* Info.plist */,
			);
			path = "Production Files";
			sourceTree = "<group>";
		};
		1DC20012276A308900F57A31 /* Change */ = {
			isa = PBXGroup;
			children = (
				1D2C22112742BC6700BD799A /* ChangeController.swift */,
				1DC20017276A3F8300F57A31 /* ChangeControllerMessage.swift */,
				1DC20015276A30C300F57A31 /* ChangeDelegate.swift */,
			);
			path = Change;
			sourceTree = "<group>";
		};
		1DC20013276A309100F57A31 /* Weather */ = {
			isa = PBXGroup;
			children = (
				1D73BF7528576F000065ECD9 /* item */,
				1D2C22192742BE4400BD799A /* WeatherViewController.swift */,
				1D73BF7A28576F230065ECD9 /* CarouselPageViewController.swift */,
				1D73BF7B28576F240065ECD9 /* CarouselViewController.swift */,
				1DE5DF6D27486B6800FB70A6 /* WeatherViewController2.swift */,
			);
			path = Weather;
			sourceTree = "<group>";
		};
		1DC20014276A309700F57A31 /* Translate */ = {
			isa = PBXGroup;
			children = (
				1D2C22172742BE2500BD799A /* TranslateViewController.swift */,
			);
			path = Translate;
			sourceTree = "<group>";
		};
		1DC20019276A43BE00F57A31 /* Change */ = {
			isa = PBXGroup;
			children = (
				1DB9C586273E32F300F95628 /* Change.swift */,
				1DC2001E276A443A00F57A31 /* DecodableCurrencyStruct.swift */,
				1DC2001C276A440E00F57A31 /* ChangeDelegateProtocol.swift */,
			);
			path = Change;
			sourceTree = "<group>";
		};
		1DC2001A276A43C100F57A31 /* Translate */ = {
			isa = PBXGroup;
			children = (
				1D2C220B2742503E00BD799A /* Translate.swift */,
				1DECA299276A46C400F8625D /* TranslateDataSource.swift */,
				1DECA297276A469300F8625D /* DecodableTranslateStruct.swift */,
			);
			path = Translate;
			sourceTree = "<group>";
		};
		1DC2001B276A43C300F57A31 /* Weather */ = {
			isa = PBXGroup;
			children = (
				1D2C220D2742505700BD799A /* Weather.swift */,
				1DECA29B276A473700F8625D /* DecodableWeatherStruct.swift */,
				1DECA29D276A476A00F8625D /* WeatherDataSource.swift */,
			);
			path = Weather;
			sourceTree = "<group>";
		};
/* End PBXGroup section */

/* Begin PBXNativeTarget section */
		1DB9C560273E00BD00F95628 /* P09_01_Xcode */ = {
			isa = PBXNativeTarget;
			buildConfigurationList = 1DB9C575273E00BF00F95628 /* Build configuration list for PBXNativeTarget "P09_01_Xcode" */;
			buildPhases = (
				1DB9C55D273E00BD00F95628 /* Sources */,
				1DB9C55E273E00BD00F95628 /* Frameworks */,
				1DB9C55F273E00BD00F95628 /* Resources */,
				1D2C221C2743ED4D00BD799A /* ShellScript */,
			);
			buildRules = (
			);
			dependencies = (
			);
			name = P09_01_Xcode;
			packageProductDependencies = (
				1D0B957A285624A7002BA348 /* Lottie */,
			);
			productName = P09_01_Xcode;
			productReference = 1DB9C561273E00BE00F95628 /* P09_01_Xcode.app */;
			productType = "com.apple.product-type.application";
		};
/* End PBXNativeTarget section */

/* Begin PBXProject section */
		1DB9C559273E00BD00F95628 /* Project object */ = {
			isa = PBXProject;
			attributes = {
				LastSwiftUpdateCheck = 1250;
				LastUpgradeCheck = 1250;
				TargetAttributes = {
					1DB9C560273E00BD00F95628 = {
						CreatedOnToolsVersion = 12.5.1;
					};
				};
			};
			buildConfigurationList = 1DB9C55C273E00BD00F95628 /* Build configuration list for PBXProject "P09_01_Xcode" */;
			compatibilityVersion = "Xcode 9.3";
			developmentRegion = en;
			hasScannedForEncodings = 0;
			knownRegions = (
				en,
				Base,
			);
			mainGroup = 1DB9C558273E00BD00F95628;
			packageReferences = (
				1D0B9579285624A7002BA348 /* XCRemoteSwiftPackageReference "lottie-ios" */,
			);
			productRefGroup = 1DB9C562273E00BE00F95628 /* Products */;
			projectDirPath = "";
			projectRoot = "";
			targets = (
				1DB9C560273E00BD00F95628 /* P09_01_Xcode */,
			);
		};
/* End PBXProject section */

/* Begin PBXResourcesBuildPhase section */
		1DB9C55F273E00BD00F95628 /* Resources */ = {
			isa = PBXResourcesBuildPhase;
			buildActionMask = 2147483647;
			files = (
				1D0B95872856A5FC002BA348 /* currency-exchange.json in Resources */,
				1DB9C571273E00BF00F95628 /* LaunchScreen.storyboard in Resources */,
				1D7D416E2750180D0084C1E6 /* Assets.xcassets in Resources */,
				1D73BF7928576F100065ECD9 /* CarouselItem.xib in Resources */,
				1DB9C56C273E00BE00F95628 /* Main.storyboard in Resources */,
			);
			runOnlyForDeploymentPostprocessing = 0;
		};
/* End PBXResourcesBuildPhase section */

/* Begin PBXShellScriptBuildPhase section */
		1D2C221C2743ED4D00BD799A /* ShellScript */ = {
			isa = PBXShellScriptBuildPhase;
			buildActionMask = 2147483647;
			files = (
			);
			inputFileListPaths = (
			);
			inputPaths = (
			);
			outputFileListPaths = (
			);
			outputPaths = (
			);
			runOnlyForDeploymentPostprocessing = 0;
			shellPath = /bin/sh;
			shellScript = "# Type a script or drag a script file from your workspace to insert its path.\nif which swiftlint >/dev/null; then\n    swiftlint\nelse\n    echo \"warning: SwiftLint not installed, download from https://github.com/realm/SwiftLint\"\nfi\n";
		};
/* End PBXShellScriptBuildPhase section */

/* Begin PBXSourcesBuildPhase section */
		1DB9C55D273E00BD00F95628 /* Sources */ = {
			isa = PBXSourcesBuildPhase;
			buildActionMask = 2147483647;
			files = (
				1DE5DF6E27486B6800FB70A6 /* WeatherViewController2.swift in Sources */,
				1D73BF7D28576F240065ECD9 /* CarouselViewController.swift in Sources */,
				1D2C220E2742505700BD799A /* Weather.swift in Sources */,
				1DECA298276A469300F8625D /* DecodableTranslateStruct.swift in Sources */,
				1DC2001F276A443A00F57A31 /* DecodableCurrencyStruct.swift in Sources */,
				1D2C221A2742BE4400BD799A /* WeatherViewController.swift in Sources */,
				1DC20016276A30C300F57A31 /* ChangeDelegate.swift in Sources */,
				1D2C22122742BC6700BD799A /* ChangeController.swift in Sources */,
				1D2C22102742834F00BD799A /* MainTabBarViewController.swift in Sources */,
				1DB9C587273E32F300F95628 /* Change.swift in Sources */,
				1DC20018276A3F8300F57A31 /* ChangeControllerMessage.swift in Sources */,
				1D2C220C2742503E00BD799A /* Translate.swift in Sources */,
				1DECA29E276A476A00F8625D /* WeatherDataSource.swift in Sources */,
				1D2C22182742BE2500BD799A /* TranslateViewController.swift in Sources */,
				1D73BF7828576F100065ECD9 /* CarouselItem.swift in Sources */,
				1D73BF7C28576F240065ECD9 /* CarouselPageViewController.swift in Sources */,
				1DB9C565273E00BE00F95628 /* AppDelegate.swift in Sources */,
				1DECA29A276A46C400F8625D /* TranslateDataSource.swift in Sources */,
				1DB9C567273E00BE00F95628 /* SceneDelegate.swift in Sources */,
				1DECA29C276A473700F8625D /* DecodableWeatherStruct.swift in Sources */,
				1DC2001D276A440E00F57A31 /* ChangeDelegateProtocol.swift in Sources */,
			);
			runOnlyForDeploymentPostprocessing = 0;
		};
/* End PBXSourcesBuildPhase section */

/* Begin PBXVariantGroup section */
		1DB9C56A273E00BE00F95628 /* Main.storyboard */ = {
			isa = PBXVariantGroup;
			children = (
				1DB9C56B273E00BE00F95628 /* Base */,
			);
			name = Main.storyboard;
			sourceTree = "<group>";
		};
		1DB9C56F273E00BF00F95628 /* LaunchScreen.storyboard */ = {
			isa = PBXVariantGroup;
			children = (
				1DB9C570273E00BF00F95628 /* Base */,
			);
			name = LaunchScreen.storyboard;
			sourceTree = "<group>";
		};
/* End PBXVariantGroup section */

/* Begin XCBuildConfiguration section */
		1DB9C573273E00BF00F95628 /* Debug */ = {
			isa = XCBuildConfiguration;
			buildSettings = {
				ALWAYS_SEARCH_USER_PATHS = NO;
				CLANG_ANALYZER_NONNULL = YES;
				CLANG_ANALYZER_NUMBER_OBJECT_CONVERSION = YES_AGGRESSIVE;
				CLANG_CXX_LANGUAGE_STANDARD = "gnu++14";
				CLANG_CXX_LIBRARY = "libc++";
				CLANG_ENABLE_MODULES = YES;
				CLANG_ENABLE_OBJC_ARC = YES;
				CLANG_ENABLE_OBJC_WEAK = YES;
				CLANG_WARN_BLOCK_CAPTURE_AUTORELEASING = YES;
				CLANG_WARN_BOOL_CONVERSION = YES;
				CLANG_WARN_COMMA = YES;
				CLANG_WARN_CONSTANT_CONVERSION = YES;
				CLANG_WARN_DEPRECATED_OBJC_IMPLEMENTATIONS = YES;
				CLANG_WARN_DIRECT_OBJC_ISA_USAGE = YES_ERROR;
				CLANG_WARN_DOCUMENTATION_COMMENTS = YES;
				CLANG_WARN_EMPTY_BODY = YES;
				CLANG_WARN_ENUM_CONVERSION = YES;
				CLANG_WARN_INFINITE_RECURSION = YES;
				CLANG_WARN_INT_CONVERSION = YES;
				CLANG_WARN_NON_LITERAL_NULL_CONVERSION = YES;
				CLANG_WARN_OBJC_IMPLICIT_RETAIN_SELF = YES;
				CLANG_WARN_OBJC_LITERAL_CONVERSION = YES;
				CLANG_WARN_OBJC_ROOT_CLASS = YES_ERROR;
				CLANG_WARN_QUOTED_INCLUDE_IN_FRAMEWORK_HEADER = YES;
				CLANG_WARN_RANGE_LOOP_ANALYSIS = YES;
				CLANG_WARN_STRICT_PROTOTYPES = YES;
				CLANG_WARN_SUSPICIOUS_MOVE = YES;
				CLANG_WARN_UNGUARDED_AVAILABILITY = YES_AGGRESSIVE;
				CLANG_WARN_UNREACHABLE_CODE = YES;
				CLANG_WARN__DUPLICATE_METHOD_MATCH = YES;
				COPY_PHASE_STRIP = NO;
				DEBUG_INFORMATION_FORMAT = dwarf;
				ENABLE_STRICT_OBJC_MSGSEND = YES;
				ENABLE_TESTABILITY = YES;
				GCC_C_LANGUAGE_STANDARD = gnu11;
				GCC_DYNAMIC_NO_PIC = NO;
				GCC_NO_COMMON_BLOCKS = YES;
				GCC_OPTIMIZATION_LEVEL = 0;
				GCC_PREPROCESSOR_DEFINITIONS = (
					"DEBUG=1",
					"$(inherited)",
				);
				GCC_WARN_64_TO_32_BIT_CONVERSION = YES;
				GCC_WARN_ABOUT_RETURN_TYPE = YES_ERROR;
				GCC_WARN_UNDECLARED_SELECTOR = YES;
				GCC_WARN_UNINITIALIZED_AUTOS = YES_AGGRESSIVE;
				GCC_WARN_UNUSED_FUNCTION = YES;
				GCC_WARN_UNUSED_VARIABLE = YES;
				INFOPLIST_FILE = "P09_01_Xcode/Production Files/Info.plist";
				IPHONEOS_DEPLOYMENT_TARGET = 11.0;
				MTL_ENABLE_DEBUG_INFO = INCLUDE_SOURCE;
				MTL_FAST_MATH = YES;
				ONLY_ACTIVE_ARCH = YES;
				SDKROOT = iphoneos;
				SWIFT_ACTIVE_COMPILATION_CONDITIONS = DEBUG;
				SWIFT_OPTIMIZATION_LEVEL = "-Onone";
			};
			name = Debug;
		};
		1DB9C574273E00BF00F95628 /* Release */ = {
			isa = XCBuildConfiguration;
			buildSettings = {
				ALWAYS_SEARCH_USER_PATHS = NO;
				CLANG_ANALYZER_NONNULL = YES;
				CLANG_ANALYZER_NUMBER_OBJECT_CONVERSION = YES_AGGRESSIVE;
				CLANG_CXX_LANGUAGE_STANDARD = "gnu++14";
				CLANG_CXX_LIBRARY = "libc++";
				CLANG_ENABLE_MODULES = YES;
				CLANG_ENABLE_OBJC_ARC = YES;
				CLANG_ENABLE_OBJC_WEAK = YES;
				CLANG_WARN_BLOCK_CAPTURE_AUTORELEASING = YES;
				CLANG_WARN_BOOL_CONVERSION = YES;
				CLANG_WARN_COMMA = YES;
				CLANG_WARN_CONSTANT_CONVERSION = YES;
				CLANG_WARN_DEPRECATED_OBJC_IMPLEMENTATIONS = YES;
				CLANG_WARN_DIRECT_OBJC_ISA_USAGE = YES_ERROR;
				CLANG_WARN_DOCUMENTATION_COMMENTS = YES;
				CLANG_WARN_EMPTY_BODY = YES;
				CLANG_WARN_ENUM_CONVERSION = YES;
				CLANG_WARN_INFINITE_RECURSION = YES;
				CLANG_WARN_INT_CONVERSION = YES;
				CLANG_WARN_NON_LITERAL_NULL_CONVERSION = YES;
				CLANG_WARN_OBJC_IMPLICIT_RETAIN_SELF = YES;
				CLANG_WARN_OBJC_LITERAL_CONVERSION = YES;
				CLANG_WARN_OBJC_ROOT_CLASS = YES_ERROR;
				CLANG_WARN_QUOTED_INCLUDE_IN_FRAMEWORK_HEADER = YES;
				CLANG_WARN_RANGE_LOOP_ANALYSIS = YES;
				CLANG_WARN_STRICT_PROTOTYPES = YES;
				CLANG_WARN_SUSPICIOUS_MOVE = YES;
				CLANG_WARN_UNGUARDED_AVAILABILITY = YES_AGGRESSIVE;
				CLANG_WARN_UNREACHABLE_CODE = YES;
				CLANG_WARN__DUPLICATE_METHOD_MATCH = YES;
				COPY_PHASE_STRIP = NO;
				DEBUG_INFORMATION_FORMAT = "dwarf-with-dsym";
				ENABLE_NS_ASSERTIONS = NO;
				ENABLE_STRICT_OBJC_MSGSEND = YES;
				GCC_C_LANGUAGE_STANDARD = gnu11;
				GCC_NO_COMMON_BLOCKS = YES;
				GCC_WARN_64_TO_32_BIT_CONVERSION = YES;
				GCC_WARN_ABOUT_RETURN_TYPE = YES_ERROR;
				GCC_WARN_UNDECLARED_SELECTOR = YES;
				GCC_WARN_UNINITIALIZED_AUTOS = YES_AGGRESSIVE;
				GCC_WARN_UNUSED_FUNCTION = YES;
				GCC_WARN_UNUSED_VARIABLE = YES;
				INFOPLIST_FILE = "P09_01_Xcode/Production Files/Info.plist";
				IPHONEOS_DEPLOYMENT_TARGET = 11.0;
				MTL_ENABLE_DEBUG_INFO = NO;
				MTL_FAST_MATH = YES;
				SDKROOT = iphoneos;
				SWIFT_COMPILATION_MODE = wholemodule;
				SWIFT_OPTIMIZATION_LEVEL = "-O";
				VALIDATE_PRODUCT = YES;
			};
			name = Release;
		};
		1DB9C576273E00BF00F95628 /* Debug */ = {
			isa = XCBuildConfiguration;
			buildSettings = {
				ASSETCATALOG_COMPILER_APPICON_NAME = AppIcon;
				ASSETCATALOG_COMPILER_GLOBAL_ACCENT_COLOR_NAME = AccentColor;
				CODE_SIGN_STYLE = Automatic;
				DEVELOPMENT_TEAM = P72QBKGC25;
				INFOPLIST_FILE = "P09_01_Xcode/Production Files/Info.plist";
				IPHONEOS_DEPLOYMENT_TARGET = 13.0;
				LD_RUNPATH_SEARCH_PATHS = (
					"$(inherited)",
					"@executable_path/Frameworks",
				);
				PRODUCT_BUNDLE_IDENTIFIER = "com.charles.P09-01-Xcode";
				PRODUCT_NAME = "$(TARGET_NAME)";
				SWIFT_VERSION = 5.0;
				TARGETED_DEVICE_FAMILY = 1;
			};
			name = Debug;
		};
		1DB9C577273E00BF00F95628 /* Release */ = {
			isa = XCBuildConfiguration;
			buildSettings = {
				ASSETCATALOG_COMPILER_APPICON_NAME = AppIcon;
				ASSETCATALOG_COMPILER_GLOBAL_ACCENT_COLOR_NAME = AccentColor;
				CODE_SIGN_STYLE = Automatic;
				DEVELOPMENT_TEAM = P72QBKGC25;
				INFOPLIST_FILE = "P09_01_Xcode/Production Files/Info.plist";
				IPHONEOS_DEPLOYMENT_TARGET = 13.0;
				LD_RUNPATH_SEARCH_PATHS = (
					"$(inherited)",
					"@executable_path/Frameworks",
				);
				PRODUCT_BUNDLE_IDENTIFIER = "com.charles.P09-01-Xcode";
				PRODUCT_NAME = "$(TARGET_NAME)";
				SWIFT_VERSION = 5.0;
				TARGETED_DEVICE_FAMILY = 1;
			};
			name = Release;
		};
/* End XCBuildConfiguration section */

/* Begin XCConfigurationList section */
		1DB9C55C273E00BD00F95628 /* Build configuration list for PBXProject "P09_01_Xcode" */ = {
			isa = XCConfigurationList;
			buildConfigurations = (
				1DB9C573273E00BF00F95628 /* Debug */,
				1DB9C574273E00BF00F95628 /* Release */,
			);
			defaultConfigurationIsVisible = 0;
			defaultConfigurationName = Release;
		};
		1DB9C575273E00BF00F95628 /* Build configuration list for PBXNativeTarget "P09_01_Xcode" */ = {
			isa = XCConfigurationList;
			buildConfigurations = (
				1DB9C576273E00BF00F95628 /* Debug */,
				1DB9C577273E00BF00F95628 /* Release */,
			);
			defaultConfigurationIsVisible = 0;
			defaultConfigurationName = Release;
		};
/* End XCConfigurationList section */

/* Begin XCRemoteSwiftPackageReference section */
		1D0B9579285624A7002BA348 /* XCRemoteSwiftPackageReference "lottie-ios" */ = {
			isa = XCRemoteSwiftPackageReference;
			repositoryURL = "https://github.com/airbnb/lottie-ios";
			requirement = {
				kind = upToNextMajorVersion;
				minimumVersion = 3.3.0;
			};
		};
/* End XCRemoteSwiftPackageReference section */

/* Begin XCSwiftPackageProductDependency section */
		1D0B957A285624A7002BA348 /* Lottie */ = {
			isa = XCSwiftPackageProductDependency;
			package = 1D0B9579285624A7002BA348 /* XCRemoteSwiftPackageReference "lottie-ios" */;
			productName = Lottie;
		};
/* End XCSwiftPackageProductDependency section */
	};
	rootObject = 1DB9C559273E00BD00F95628 /* Project object */;
}
